
Microsoft Visual Studio Solution File, Format Version 12.00
# Visual Studio 14
VisualStudioVersion = 14.0.25420.1
MinimumVisualStudioVersion = 10.0.40219.1
Project("{FAE04EC0-301F-11D3-BF4B-00C04F79EFBC}") = "libHintsInterceptor", "libHintsInterceptor\libHintsInterceptor.csproj", "{F3C9539A-56C4-4889-ADB1-4C29399D9831}"
EndProject
Project("{FAE04EC0-301F-11D3-BF4B-00C04F79EFBC}") = "libDados", "libDados\libDados.csproj", "{ACBE0C93-82DE-4842-AE5E-0E7B5585A11B}"
EndProject
Project("{FAE04EC0-301F-11D3-BF4B-00C04F79EFBC}") = "winClient", "winClient\winClient.csproj", "{0534A980-9AC9-44FB-B2C7-46E48E936D26}"
EndProject
Global
	GlobalSection(SolutionConfigurationPlatforms) = preSolution
		Debug|Any CPU = Debug|Any CPU
		Release|Any CPU = Release|Any CPU
	EndGlobalSection
	GlobalSection(ProjectConfigurationPlatforms) = postSolution
		{F3C9539A-56C4-4889-ADB1-4C29399D9831}.Debug|Any CPU.ActiveCfg = Debug|Any CPU
		{F3C9539A-56C4-4889-ADB1-4C29399D9831}.Debug|Any CPU.Build.0 = Debug|Any CPU
		{F3C9539A-56C4-4889-ADB1-4C29399D9831}.Release|Any CPU.ActiveCfg = Release|Any CPU
		{F3C9539A-56C4-4889-ADB1-4C29399D9831}.Release|Any CPU.Build.0 = Release|Any CPU
		{ACBE0C93-82DE-4842-AE5E-0E7B5585A11B}.Debug|Any CPU.ActiveCfg = Debug|Any CPU
		{ACBE0C93-82DE-4842-AE5E-0E7B5585A11B}.Debug|Any CPU.Build.0 = Debug|Any CPU
		{ACBE0C93-82DE-4842-AE5E-0E7B5585A11B}.Release|Any CPU.ActiveCfg = Release|Any CPU
		{ACBE0C93-82DE-4842-AE5E-0E7B5585A11B}.Release|Any CPU.Build.0 = Release|Any CPU
		{0534A980-9AC9-44FB-B2C7-46E48E936D26}.Debug|Any CPU.ActiveCfg = Debug|Any CPU
		{0534A980-9AC9-44FB-B2C7-46E48E936D26}.Debug|Any CPU.Build.0 = Debug|Any CPU
		{0534A980-9AC9-44FB-B2C7-46E48E936D26}.Release|Any CPU.ActiveCfg = Release|Any CPU
		{0534A980-9AC9-44FB-B2C7-46E48E936D26}.Release|Any CPU.Build.0 = Release|Any CPU
	EndGlobalSection
	GlobalSection(SolutionProperties) = preSolution
		HideSolutionNode = FALSE
	EndGlobalSection
EndGlobal
